<?xml version="1.0" encoding="UTF-8"?>
<Scheme
   LastUpgradeVersion = "1010"
   version = "1.3">
   <BuildAction
      parallelizeBuildables = "YES"
      buildImplicitDependencies = "YES">
      <BuildActionEntries>
         <BuildActionEntry
            buildForTesting = "YES"
            buildForRunning = "YES"
            buildForProfiling = "YES"
            buildForArchiving = "YES"
            buildForAnalyzing = "YES">
            <BuildableReference
               BuildableIdentifier = "primary"
               BlueprintIdentifier = "2A717419231F3C0B8A3E0F06"
               BuildableName = "Alamofire.framework"
               BlueprintName = "Alamofire"
               ReferencedContainer = "container:Tuist/.build/tuist-derived/Projects/Alamofire/Alamofire.xcodeproj">
            </BuildableReference>
         </BuildActionEntry>
         <BuildActionEntry
            buildForTesting = "YES"
            buildForRunning = "YES"
            buildForProfiling = "YES"
            buildForArchiving = "YES"
            buildForAnalyzing = "YES">
            <BuildableReference
               BuildableIdentifier = "primary"
               BlueprintIdentifier = "87EA802785C2DA6B58134CC2"
               BuildableName = "Alamofire_Alamofire.bundle"
               BlueprintName = "Alamofire_Alamofire"
               ReferencedContainer = "container:Tuist/.build/tuist-derived/Projects/Alamofire/Alamofire.xcodeproj">
            </BuildableReference>
         </BuildActionEntry>
         <BuildActionEntry
            buildForTesting = "YES"
            buildForRunning = "YES"
            buildForProfiling = "YES"
            buildForArchiving = "YES"
            buildForAnalyzing = "YES">
            <BuildableReference
               BuildableIdentifier = "primary"
               BlueprintIdentifier = "A1DFC045089F7370FF821C6F"
               BuildableName = "Clocks.framework"
               BlueprintName = "Clocks"
               ReferencedContainer = "container:Tuist/.build/tuist-derived/Projects/swift-clocks/swift-clocks.xcodeproj">
            </BuildableReference>
         </BuildActionEntry>
         <BuildActionEntry
            buildForTesting = "YES"
            buildForRunning = "YES"
            buildForProfiling = "YES"
            buildForArchiving = "YES"
            buildForAnalyzing = "YES">
            <BuildableReference
               BuildableIdentifier = "primary"
               BlueprintIdentifier = "62E835EE2C76720CE1A57783"
               BuildableName = "CombineSchedulers.framework"
               BlueprintName = "CombineSchedulers"
               ReferencedContainer = "container:Tuist/.build/tuist-derived/Projects/combine-schedulers/combine-schedulers.xcodeproj">
            </BuildableReference>
         </BuildActionEntry>
         <BuildActionEntry
            buildForTesting = "YES"
            buildForRunning = "YES"
            buildForProfiling = "YES"
            buildForArchiving = "YES"
            buildForAnalyzing = "YES">
            <BuildableReference
               BuildableIdentifier = "primary"
               BlueprintIdentifier = "FB5353CF964F76EE56056930"
               BuildableName = "ConcurrencyExtras.framework"
               BlueprintName = "ConcurrencyExtras"
               ReferencedContainer = "container:Tuist/.build/tuist-derived/Projects/swift-concurrency-extras/swift-concurrency-extras.xcodeproj">
            </BuildableReference>
         </BuildActionEntry>
         <BuildActionEntry
            buildForTesting = "YES"
            buildForRunning = "YES"
            buildForProfiling = "YES"
            buildForArchiving = "YES"
            buildForAnalyzing = "YES">
            <BuildableReference
               BuildableIdentifier = "primary"
               BlueprintIdentifier = "EE63AD00EF7A9B8C90FB26E7"
               BuildableName = "libCoreNetwork.a"
               BlueprintName = "CoreNetwork"
               ReferencedContainer = "container:Projects/Core/Network/CoreNetwork.xcodeproj">
            </BuildableReference>
         </BuildActionEntry>
         <BuildActionEntry
            buildForTesting = "YES"
            buildForRunning = "YES"
            buildForProfiling = "YES"
            buildForArchiving = "YES"
            buildForAnalyzing = "YES">
            <BuildableReference
               BuildableIdentifier = "primary"
               BlueprintIdentifier = "56E5E7D15D17320671D69B9C"
               BuildableName = "Dependencies.framework"
               BlueprintName = "Dependencies"
               ReferencedContainer = "container:Tuist/.build/tuist-derived/Projects/swift-dependencies/swift-dependencies.xcodeproj">
            </BuildableReference>
         </BuildActionEntry>
         <BuildActionEntry
            buildForTesting = "YES"
            buildForRunning = "YES"
            buildForProfiling = "YES"
            buildForArchiving = "YES"
            buildForAnalyzing = "YES">
            <BuildableReference
               BuildableIdentifier = "primary"
               BlueprintIdentifier = "F14CE82587B2CCA1DC5FFE58"
               BuildableName = "libDomainCalendar.a"
               BlueprintName = "DomainCalendar"
               ReferencedContainer = "container:Projects/Domain/Calendar/DomainCalendar.xcodeproj">
            </BuildableReference>
         </BuildActionEntry>
         <BuildActionEntry
            buildForTesting = "YES"
            buildForRunning = "YES"
            buildForProfiling = "YES"
            buildForArchiving = "YES"
            buildForAnalyzing = "YES">
            <BuildableReference
               BuildableIdentifier = "primary"
               BlueprintIdentifier = "7DBAC6E6B243A6FD2E594351"
               BuildableName = "libDomainExercise.a"
               BlueprintName = "DomainExercise"
               ReferencedContainer = "container:Projects/Domain/Exercise/DomainExercise.xcodeproj">
            </BuildableReference>
         </BuildActionEntry>
         <BuildActionEntry
            buildForTesting = "YES"
            buildForRunning = "YES"
            buildForProfiling = "YES"
            buildForArchiving = "YES"
            buildForAnalyzing = "YES">
            <BuildableReference
               BuildableIdentifier = "primary"
               BlueprintIdentifier = "612C4A4149FFADA5247DCED8"
               BuildableName = "libDomainLogin.a"
               BlueprintName = "DomainLogin"
               ReferencedContainer = "container:Projects/Domain/Login/DomainLogin.xcodeproj">
            </BuildableReference>
         </BuildActionEntry>
         <BuildActionEntry
            buildForTesting = "YES"
            buildForRunning = "YES"
            buildForProfiling = "YES"
            buildForArchiving = "YES"
            buildForAnalyzing = "YES">
            <BuildableReference
               BuildableIdentifier = "primary"
               BlueprintIdentifier = "C235F150DC717DFC978B7EFC"
               BuildableName = "libDomainMyPage.a"
               BlueprintName = "DomainMyPage"
               ReferencedContainer = "container:Projects/Domain/MyPage/DomainMyPage.xcodeproj">
            </BuildableReference>
         </BuildActionEntry>
         <BuildActionEntry
            buildForTesting = "YES"
            buildForRunning = "YES"
            buildForProfiling = "YES"
            buildForArchiving = "YES"
            buildForAnalyzing = "YES">
            <BuildableReference
               BuildableIdentifier = "primary"
               BlueprintIdentifier = "4566283FDADA855CC769D6DB"
               BuildableName = "libDomainSignUp.a"
               BlueprintName = "DomainSignUp"
               ReferencedContainer = "container:Projects/Domain/SignUp/DomainSignUp.xcodeproj">
            </BuildableReference>
         </BuildActionEntry>
         <BuildActionEntry
            buildForTesting = "YES"
            buildForRunning = "YES"
            buildForProfiling = "YES"
            buildForArchiving = "YES"
            buildForAnalyzing = "YES">
            <BuildableReference
               BuildableIdentifier = "primary"
               BlueprintIdentifier = "787785524E0E998535524C4F"
               BuildableName = "FBLPromises.framework"
               BlueprintName = "FBLPromises"
               ReferencedContainer = "container:Tuist/.build/tuist-derived/Projects/Promises/Promises.xcodeproj">
            </BuildableReference>
         </BuildActionEntry>
         <BuildActionEntry
            buildForTesting = "YES"
            buildForRunning = "YES"
            buildForProfiling = "YES"
            buildForArchiving = "YES"
            buildForAnalyzing = "YES">
            <BuildableReference
               BuildableIdentifier = "primary"
               BlueprintIdentifier = "9974E6EA2FD410A6C6CDE7AD"
               BuildableName = "libFeatureCalendar.a"
               BlueprintName = "FeatureCalendar"
               ReferencedContainer = "container:Projects/Feature/Calendar/FeatureCalendar.xcodeproj">
            </BuildableReference>
         </BuildActionEntry>
         <BuildActionEntry
            buildForTesting = "YES"
            buildForRunning = "YES"
            buildForProfiling = "YES"
            buildForArchiving = "YES"
            buildForAnalyzing = "YES">
            <BuildableReference
               BuildableIdentifier = "primary"
               BlueprintIdentifier = "48997CB337846CFE6A54BBE2"
               BuildableName = "libFeatureExercise.a"
               BlueprintName = "FeatureExercise"
               ReferencedContainer = "container:Projects/Feature/Exercise/FeatureExercise.xcodeproj">
            </BuildableReference>
         </BuildActionEntry>
         <BuildActionEntry
            buildForTesting = "YES"
            buildForRunning = "YES"
            buildForProfiling = "YES"
            buildForArchiving = "YES"
            buildForAnalyzing = "YES">
            <BuildableReference
               BuildableIdentifier = "primary"
               BlueprintIdentifier = "1BDBE0582189C11EB5CE12D9"
               BuildableName = "libFeatureLogin.a"
               BlueprintName = "FeatureLogin"
               ReferencedContainer = "container:Projects/Feature/Login/FeatureLogin.xcodeproj">
            </BuildableReference>
         </BuildActionEntry>
         <BuildActionEntry
            buildForTesting = "YES"
            buildForRunning = "YES"
            buildForProfiling = "YES"
            buildForArchiving = "YES"
            buildForAnalyzing = "YES">
            <BuildableReference
               BuildableIdentifier = "primary"
               BlueprintIdentifier = "C62951D5F12265650ECDE4F9"
               BuildableName = "libFeatureMain.a"
               BlueprintName = "FeatureMain"
               ReferencedContainer = "container:Projects/Feature/Main/FeatureMain.xcodeproj">
            </BuildableReference>
         </BuildActionEntry>
         <BuildActionEntry
            buildForTesting = "YES"
            buildForRunning = "YES"
            buildForProfiling = "YES"
            buildForArchiving = "YES"
            buildForAnalyzing = "YES">
            <BuildableReference
               BuildableIdentifier = "primary"
               BlueprintIdentifier = "553AB55228F4C6DEA3EB9F4A"
               BuildableName = "libFeatureMyPage.a"
               BlueprintName = "FeatureMyPage"
               ReferencedContainer = "container:Projects/Feature/MyPage/FeatureMyPage.xcodeproj">
            </BuildableReference>
         </BuildActionEntry>
         <BuildActionEntry
            buildForTesting = "YES"
            buildForRunning = "YES"
            buildForProfiling = "YES"
            buildForArchiving = "YES"
            buildForAnalyzing = "YES">
            <BuildableReference
               BuildableIdentifier = "primary"
               BlueprintIdentifier = "AB48506756D21630CFF3EF68"
               BuildableName = "libFeatureRecord.a"
               BlueprintName = "FeatureRecord"
               ReferencedContainer = "container:Projects/Feature/Record/FeatureRecord.xcodeproj">
            </BuildableReference>
         </BuildActionEntry>
         <BuildActionEntry
            buildForTesting = "YES"
            buildForRunning = "YES"
            buildForProfiling = "YES"
            buildForArchiving = "YES"
            buildForAnalyzing = "YES">
            <BuildableReference
               BuildableIdentifier = "primary"
               BlueprintIdentifier = "19F92E75F11FC2E200C882FC"
               BuildableName = "libFeatureSignUp.a"
               BlueprintName = "FeatureSignUp"
               ReferencedContainer = "container:Projects/Feature/SignUp/FeatureSignUp.xcodeproj">
            </BuildableReference>
         </BuildActionEntry>
         <BuildActionEntry
            buildForTesting = "YES"
            buildForRunning = "YES"
            buildForProfiling = "YES"
            buildForArchiving = "YES"
            buildForAnalyzing = "YES">
            <BuildableReference
               BuildableIdentifier = "primary"
               BlueprintIdentifier = "F82B34409657995821BE38C8"
               BuildableName = "libFeatureSplash.a"
               BlueprintName = "FeatureSplash"
               ReferencedContainer = "container:Projects/Feature/Splash/FeatureSplash.xcodeproj">
            </BuildableReference>
         </BuildActionEntry>
         <BuildActionEntry
            buildForTesting = "YES"
            buildForRunning = "YES"
            buildForProfiling = "YES"
            buildForArchiving = "YES"
            buildForAnalyzing = "YES">
            <BuildableReference
               BuildableIdentifier = "primary"
               BlueprintIdentifier = "9965EFAFD6E56F400E0F3754"
               BuildableName = "libFeatureWatch.a"
               BlueprintName = "FeatureWatch"
               ReferencedContainer = "container:Projects/Feature/Watch/FeatureWatch.xcodeproj">
            </BuildableReference>
         </BuildActionEntry>
         <BuildActionEntry
            buildForTesting = "YES"
            buildForRunning = "YES"
            buildForProfiling = "YES"
            buildForArchiving = "YES"
            buildForAnalyzing = "YES">
            <BuildableReference
               BuildableIdentifier = "primary"
               BlueprintIdentifier = "769B28412864CE639D5C8BFF"
               BuildableName = "Firebase.framework"
               BlueprintName = "Firebase"
               ReferencedContainer = "container:Tuist/.build/tuist-derived/Projects/Firebase/Firebase.xcodeproj">
            </BuildableReference>
         </BuildActionEntry>
         <BuildActionEntry
            buildForTesting = "YES"
            buildForRunning = "YES"
            buildForProfiling = "YES"
            buildForArchiving = "YES"
            buildForAnalyzing = "YES">
            <BuildableReference
               BuildableIdentifier = "primary"
               BlueprintIdentifier = "DEE927B31AD452C0CB9D7682"
               BuildableName = "FirebaseAnalyticsTarget.framework"
               BlueprintName = "FirebaseAnalyticsTarget"
               ReferencedContainer = "container:Tuist/.build/tuist-derived/Projects/Firebase/Firebase.xcodeproj">
            </BuildableReference>
         </BuildActionEntry>
         <BuildActionEntry
            buildForTesting = "YES"
            buildForRunning = "YES"
            buildForProfiling = "YES"
            buildForArchiving = "YES"
            buildForAnalyzing = "YES">
            <BuildableReference
               BuildableIdentifier = "primary"
               BlueprintIdentifier = "95FACE305A2B4D7CF92BDDD9"
               BuildableName = "FirebaseAnalyticsWrapper.framework"
               BlueprintName = "FirebaseAnalyticsWrapper"
               ReferencedContainer = "container:Tuist/.build/tuist-derived/Projects/Firebase/Firebase.xcodeproj">
            </BuildableReference>
         </BuildActionEntry>
         <BuildActionEntry
            buildForTesting = "YES"
            buildForRunning = "YES"
            buildForProfiling = "YES"
            buildForArchiving = "YES"
            buildForAnalyzing = "YES">
            <BuildableReference
               BuildableIdentifier = "primary"
               BlueprintIdentifier = "76C36F0B7615363E04853239"
               BuildableName = "FirebaseAuthInterop.framework"
               BlueprintName = "FirebaseAuthInterop"
               ReferencedContainer = "container:Tuist/.build/tuist-derived/Projects/Firebase/Firebase.xcodeproj">
            </BuildableReference>
         </BuildActionEntry>
         <BuildActionEntry
            buildForTesting = "YES"
            buildForRunning = "YES"
            buildForProfiling = "YES"
            buildForArchiving = "YES"
            buildForAnalyzing = "YES">
            <BuildableReference
               BuildableIdentifier = "primary"
               BlueprintIdentifier = "76913A6628DE3CA06F1E69AD"
               BuildableName = "FirebaseCore.framework"
               BlueprintName = "FirebaseCore"
               ReferencedContainer = "container:Tuist/.build/tuist-derived/Projects/Firebase/Firebase.xcodeproj">
            </BuildableReference>
         </BuildActionEntry>
         <BuildActionEntry
            buildForTesting = "YES"
            buildForRunning = "YES"
            buildForProfiling = "YES"
            buildForArchiving = "YES"
            buildForAnalyzing = "YES">
            <BuildableReference
               BuildableIdentifier = "primary"
               BlueprintIdentifier = "BF2506109F9DAB9BDE836612"
               BuildableName = "FirebaseCoreInternal.framework"
               BlueprintName = "FirebaseCoreInternal"
               ReferencedContainer = "container:Tuist/.build/tuist-derived/Projects/Firebase/Firebase.xcodeproj">
            </BuildableReference>
         </BuildActionEntry>
         <BuildActionEntry
            buildForTesting = "YES"
            buildForRunning = "YES"
            buildForProfiling = "YES"
            buildForArchiving = "YES"
            buildForAnalyzing = "YES">
            <BuildableReference
               BuildableIdentifier = "primary"
               BlueprintIdentifier = "6FD7A82BF6A96086DF50776D"
               BuildableName = "FirebaseInstallations.framework"
               BlueprintName = "FirebaseInstallations"
               ReferencedContainer = "container:Tuist/.build/tuist-derived/Projects/Firebase/Firebase.xcodeproj">
            </BuildableReference>
         </BuildActionEntry>
         <BuildActionEntry
            buildForTesting = "YES"
            buildForRunning = "YES"
            buildForProfiling = "YES"
            buildForArchiving = "YES"
            buildForAnalyzing = "YES">
            <BuildableReference
               BuildableIdentifier = "primary"
               BlueprintIdentifier = "7669601E3503153E790457BC"
               BuildableName = "Firebase_FirebaseCore.bundle"
               BlueprintName = "Firebase_FirebaseCore"
               ReferencedContainer = "container:Tuist/.build/tuist-derived/Projects/Firebase/Firebase.xcodeproj">
            </BuildableReference>
         </BuildActionEntry>
         <BuildActionEntry
            buildForTesting = "YES"
            buildForRunning = "YES"
            buildForProfiling = "YES"
            buildForArchiving = "YES"
            buildForAnalyzing = "YES">
            <BuildableReference
               BuildableIdentifier = "primary"
               BlueprintIdentifier = "C241B5678162C4E6FDA163B6"
               BuildableName = "Firebase_FirebaseCoreInternal.bundle"
               BlueprintName = "Firebase_FirebaseCoreInternal"
               ReferencedContainer = "container:Tuist/.build/tuist-derived/Projects/Firebase/Firebase.xcodeproj">
            </BuildableReference>
         </BuildActionEntry>
         <BuildActionEntry
            buildForTesting = "YES"
            buildForRunning = "YES"
            buildForProfiling = "YES"
            buildForArchiving = "YES"
            buildForAnalyzing = "YES">
            <BuildableReference
               BuildableIdentifier = "primary"
               BlueprintIdentifier = "116920D8770A6C1C794EB0CA"
               BuildableName = "Firebase_FirebaseInstallations.bundle"
               BlueprintName = "Firebase_FirebaseInstallations"
               ReferencedContainer = "container:Tuist/.build/tuist-derived/Projects/Firebase/Firebase.xcodeproj">
            </BuildableReference>
         </BuildActionEntry>
         <BuildActionEntry
            buildForTesting = "YES"
            buildForRunning = "YES"
            buildForProfiling = "YES"
            buildForArchiving = "YES"
            buildForAnalyzing = "YES">
            <BuildableReference
               BuildableIdentifier = "primary"
               BlueprintIdentifier = "31C6F1FE17D9E92FD0DD0B36"
               BuildableName = "GoogleAdsOnDeviceConversionTarget.framework"
               BlueprintName = "GoogleAdsOnDeviceConversionTarget"
               ReferencedContainer = "container:Tuist/.build/tuist-derived/Projects/GoogleAdsOnDeviceConversion/GoogleAdsOnDeviceConversion.xcodeproj">
            </BuildableReference>
         </BuildActionEntry>
         <BuildActionEntry
            buildForTesting = "YES"
            buildForRunning = "YES"
            buildForProfiling = "YES"
            buildForArchiving = "YES"
            buildForAnalyzing = "YES">
            <BuildableReference
               BuildableIdentifier = "primary"
               BlueprintIdentifier = "4160F70E94342FB432F5ABF1"
               BuildableName = "GoogleAppMeasurementTarget.framework"
               BlueprintName = "GoogleAppMeasurementTarget"
               ReferencedContainer = "container:Tuist/.build/tuist-derived/Projects/GoogleAppMeasurement/GoogleAppMeasurement.xcodeproj">
            </BuildableReference>
         </BuildActionEntry>
         <BuildActionEntry
            buildForTesting = "YES"
            buildForRunning = "YES"
            buildForProfiling = "YES"
            buildForArchiving = "YES"
            buildForAnalyzing = "YES">
            <BuildableReference
               BuildableIdentifier = "primary"
               BlueprintIdentifier = "1000DD3C7051D14E090DF581"
               BuildableName = "GoogleMapsTarget.framework"
               BlueprintName = "GoogleMapsTarget"
               ReferencedContainer = "container:Tuist/.build/tuist-derived/Projects/GoogleMaps/GoogleMaps.xcodeproj">
            </BuildableReference>
         </BuildActionEntry>
         <BuildActionEntry
            buildForTesting = "YES"
            buildForRunning = "YES"
            buildForProfiling = "YES"
            buildForArchiving = "YES"
            buildForAnalyzing = "YES">
            <BuildableReference
               BuildableIdentifier = "primary"
               BlueprintIdentifier = "ED1A96E516D32F41F6DB83F2"
               BuildableName = "GoogleMaps_GoogleMapsTarget.bundle"
               BlueprintName = "GoogleMaps_GoogleMapsTarget"
               ReferencedContainer = "container:Tuist/.build/tuist-derived/Projects/GoogleMaps/GoogleMaps.xcodeproj">
            </BuildableReference>
         </BuildActionEntry>
         <BuildActionEntry
            buildForTesting = "YES"
            buildForRunning = "YES"
            buildForProfiling = "YES"
            buildForArchiving = "YES"
            buildForAnalyzing = "YES">
            <BuildableReference
               BuildableIdentifier = "primary"
               BlueprintIdentifier = "3ED94F9FE92CD30586A12982"
               BuildableName = "GoogleUtilities_AppDelegateSwizzler.framework"
               BlueprintName = "GoogleUtilities-AppDelegateSwizzler"
               ReferencedContainer = "container:Tuist/.build/tuist-derived/Projects/GoogleUtilities/GoogleUtilities.xcodeproj">
            </BuildableReference>
         </BuildActionEntry>
         <BuildActionEntry
            buildForTesting = "YES"
            buildForRunning = "YES"
            buildForProfiling = "YES"
            buildForArchiving = "YES"
            buildForAnalyzing = "YES">
            <BuildableReference
               BuildableIdentifier = "primary"
               BlueprintIdentifier = "F20F5A508D0D18A6998274ED"
               BuildableName = "GoogleUtilities_Environment.framework"
               BlueprintName = "GoogleUtilities-Environment"
               ReferencedContainer = "container:Tuist/.build/tuist-derived/Projects/GoogleUtilities/GoogleUtilities.xcodeproj">
            </BuildableReference>
         </BuildActionEntry>
         <BuildActionEntry
            buildForTesting = "YES"
            buildForRunning = "YES"
            buildForProfiling = "YES"
            buildForArchiving = "YES"
            buildForAnalyzing = "YES">
            <BuildableReference
               BuildableIdentifier = "primary"
               BlueprintIdentifier = "B8F4309DA609689A1E4C324E"
               BuildableName = "GoogleUtilities_Logger.framework"
               BlueprintName = "GoogleUtilities-Logger"
               ReferencedContainer = "container:Tuist/.build/tuist-derived/Projects/GoogleUtilities/GoogleUtilities.xcodeproj">
            </BuildableReference>
         </BuildActionEntry>
         <BuildActionEntry
            buildForTesting = "YES"
            buildForRunning = "YES"
            buildForProfiling = "YES"
            buildForArchiving = "YES"
            buildForAnalyzing = "YES">
            <BuildableReference
               BuildableIdentifier = "primary"
               BlueprintIdentifier = "9DC22EA5CA5C87CE1DB612A3"
               BuildableName = "GoogleUtilities_MethodSwizzler.framework"
               BlueprintName = "GoogleUtilities-MethodSwizzler"
               ReferencedContainer = "container:Tuist/.build/tuist-derived/Projects/GoogleUtilities/GoogleUtilities.xcodeproj">
            </BuildableReference>
         </BuildActionEntry>
         <BuildActionEntry
            buildForTesting = "YES"
            buildForRunning = "YES"
            buildForProfiling = "YES"
            buildForArchiving = "YES"
            buildForAnalyzing = "YES">
            <BuildableReference
               BuildableIdentifier = "primary"
               BlueprintIdentifier = "82D64D19A26B0837A33FDFA0"
               BuildableName = "GoogleUtilities_NSData.framework"
               BlueprintName = "GoogleUtilities-NSData"
               ReferencedContainer = "container:Tuist/.build/tuist-derived/Projects/GoogleUtilities/GoogleUtilities.xcodeproj">
            </BuildableReference>
         </BuildActionEntry>
         <BuildActionEntry
            buildForTesting = "YES"
            buildForRunning = "YES"
            buildForProfiling = "YES"
            buildForArchiving = "YES"
            buildForAnalyzing = "YES">
            <BuildableReference
               BuildableIdentifier = "primary"
               BlueprintIdentifier = "028985CE3AF9A6EEBA19BF6E"
               BuildableName = "GoogleUtilities_Network.framework"
               BlueprintName = "GoogleUtilities-Network"
               ReferencedContainer = "container:Tuist/.build/tuist-derived/Projects/GoogleUtilities/GoogleUtilities.xcodeproj">
            </BuildableReference>
         </BuildActionEntry>
         <BuildActionEntry
            buildForTesting = "YES"
            buildForRunning = "YES"
            buildForProfiling = "YES"
            buildForArchiving = "YES"
            buildForAnalyzing = "YES">
            <BuildableReference
               BuildableIdentifier = "primary"
               BlueprintIdentifier = "40FFBEDB2AEFA0C9C7228480"
               BuildableName = "GoogleUtilities_Reachability.framework"
               BlueprintName = "GoogleUtilities-Reachability"
               ReferencedContainer = "container:Tuist/.build/tuist-derived/Projects/GoogleUtilities/GoogleUtilities.xcodeproj">
            </BuildableReference>
         </BuildActionEntry>
         <BuildActionEntry
            buildForTesting = "YES"
            buildForRunning = "YES"
            buildForProfiling = "YES"
            buildForArchiving = "YES"
            buildForAnalyzing = "YES">
            <BuildableReference
               BuildableIdentifier = "primary"
               BlueprintIdentifier = "3EEFCF626C2BCF3F7E6BCF80"
               BuildableName = "GoogleUtilities_UserDefaults.framework"
               BlueprintName = "GoogleUtilities-UserDefaults"
               ReferencedContainer = "container:Tuist/.build/tuist-derived/Projects/GoogleUtilities/GoogleUtilities.xcodeproj">
            </BuildableReference>
         </BuildActionEntry>
         <BuildActionEntry
            buildForTesting = "YES"
            buildForRunning = "YES"
            buildForProfiling = "YES"
            buildForArchiving = "YES"
            buildForAnalyzing = "YES">
            <BuildableReference
               BuildableIdentifier = "primary"
               BlueprintIdentifier = "52C20B2000B5FCB12B8DFDDF"
               BuildableName = "GoogleUtilities_GoogleUtilities_AppDelegateSwizzler.bundle"
               BlueprintName = "GoogleUtilities_GoogleUtilities_AppDelegateSwizzler"
               ReferencedContainer = "container:Tuist/.build/tuist-derived/Projects/GoogleUtilities/GoogleUtilities.xcodeproj">
            </BuildableReference>
         </BuildActionEntry>
         <BuildActionEntry
            buildForTesting = "YES"
            buildForRunning = "YES"
            buildForProfiling = "YES"
            buildForArchiving = "YES"
            buildForAnalyzing = "YES">
            <BuildableReference
               BuildableIdentifier = "primary"
               BlueprintIdentifier = "5EF1F3A5AB7D1A66908699BA"
               BuildableName = "GoogleUtilities_GoogleUtilities_Environment.bundle"
               BlueprintName = "GoogleUtilities_GoogleUtilities_Environment"
               ReferencedContainer = "container:Tuist/.build/tuist-derived/Projects/GoogleUtilities/GoogleUtilities.xcodeproj">
            </BuildableReference>
         </BuildActionEntry>
         <BuildActionEntry
            buildForTesting = "YES"
            buildForRunning = "YES"
            buildForProfiling = "YES"
            buildForArchiving = "YES"
            buildForAnalyzing = "YES">
            <BuildableReference
               BuildableIdentifier = "primary"
               BlueprintIdentifier = "B22ABE36A6D895B55C9E632E"
               BuildableName = "GoogleUtilities_GoogleUtilities_Logger.bundle"
               BlueprintName = "GoogleUtilities_GoogleUtilities_Logger"
               ReferencedContainer = "container:Tuist/.build/tuist-derived/Projects/GoogleUtilities/GoogleUtilities.xcodeproj">
            </BuildableReference>
         </BuildActionEntry>
         <BuildActionEntry
            buildForTesting = "YES"
            buildForRunning = "YES"
            buildForProfiling = "YES"
            buildForArchiving = "YES"
            buildForAnalyzing = "YES">
            <BuildableReference
               BuildableIdentifier = "primary"
               BlueprintIdentifier = "AAE7ACFC8B5D148134863F8E"
               BuildableName = "GoogleUtilities_GoogleUtilities_MethodSwizzler.bundle"
               BlueprintName = "GoogleUtilities_GoogleUtilities_MethodSwizzler"
               ReferencedContainer = "container:Tuist/.build/tuist-derived/Projects/GoogleUtilities/GoogleUtilities.xcodeproj">
            </BuildableReference>
         </BuildActionEntry>
         <BuildActionEntry
            buildForTesting = "YES"
            buildForRunning = "YES"
            buildForProfiling = "YES"
            buildForArchiving = "YES"
            buildForAnalyzing = "YES">
            <BuildableReference
               BuildableIdentifier = "primary"
               BlueprintIdentifier = "FDC06CD20EFD70DF403D5C02"
               BuildableName = "GoogleUtilities_GoogleUtilities_NSData.bundle"
               BlueprintName = "GoogleUtilities_GoogleUtilities_NSData"
               ReferencedContainer = "container:Tuist/.build/tuist-derived/Projects/GoogleUtilities/GoogleUtilities.xcodeproj">
            </BuildableReference>
         </BuildActionEntry>
         <BuildActionEntry
            buildForTesting = "YES"
            buildForRunning = "YES"
            buildForProfiling = "YES"
            buildForArchiving = "YES"
            buildForAnalyzing = "YES">
            <BuildableReference
               BuildableIdentifier = "primary"
               BlueprintIdentifier = "C60608F46A53F9FE672BA584"
               BuildableName = "GoogleUtilities_GoogleUtilities_Network.bundle"
               BlueprintName = "GoogleUtilities_GoogleUtilities_Network"
               ReferencedContainer = "container:Tuist/.build/tuist-derived/Projects/GoogleUtilities/GoogleUtilities.xcodeproj">
            </BuildableReference>
         </BuildActionEntry>
         <BuildActionEntry
            buildForTesting = "YES"
            buildForRunning = "YES"
            buildForProfiling = "YES"
            buildForArchiving = "YES"
            buildForAnalyzing = "YES">
            <BuildableReference
               BuildableIdentifier = "primary"
               BlueprintIdentifier = "FD252622598D62F73CC4C46D"
               BuildableName = "GoogleUtilities_GoogleUtilities_Reachability.bundle"
               BlueprintName = "GoogleUtilities_GoogleUtilities_Reachability"
               ReferencedContainer = "container:Tuist/.build/tuist-derived/Projects/GoogleUtilities/GoogleUtilities.xcodeproj">
            </BuildableReference>
         </BuildActionEntry>
         <BuildActionEntry
            buildForTesting = "YES"
            buildForRunning = "YES"
            buildForProfiling = "YES"
            buildForArchiving = "YES"
            buildForAnalyzing = "YES">
            <BuildableReference
               BuildableIdentifier = "primary"
               BlueprintIdentifier = "2EDFF71815A9F3BB574E897D"
               BuildableName = "GoogleUtilities_GoogleUtilities_UserDefaults.bundle"
               BlueprintName = "GoogleUtilities_GoogleUtilities_UserDefaults"
               ReferencedContainer = "container:Tuist/.build/tuist-derived/Projects/GoogleUtilities/GoogleUtilities.xcodeproj">
            </BuildableReference>
         </BuildActionEntry>
         <BuildActionEntry
            buildForTesting = "YES"
            buildForRunning = "YES"
            buildForProfiling = "YES"
            buildForArchiving = "YES"
            buildForAnalyzing = "YES">
            <BuildableReference
               BuildableIdentifier = "primary"
               BlueprintIdentifier = "310D0AA95300B4409ADF885D"
               BuildableName = "IssueReporting.framework"
               BlueprintName = "IssueReporting"
               ReferencedContainer = "container:Tuist/.build/tuist-derived/Projects/xctest-dynamic-overlay/xctest-dynamic-overlay.xcodeproj">
            </BuildableReference>
         </BuildActionEntry>
         <BuildActionEntry
            buildForTesting = "YES"
            buildForRunning = "YES"
            buildForProfiling = "YES"
            buildForArchiving = "YES"
            buildForAnalyzing = "YES">
            <BuildableReference
               BuildableIdentifier = "primary"
               BlueprintIdentifier = "141A87512EEB9E82909D15D1"
               BuildableName = "KakaoOpenSDK_KakaoSDKCommon.bundle"
               BlueprintName = "KakaoOpenSDK_KakaoSDKCommon"
               ReferencedContainer = "container:Tuist/.build/tuist-derived/Projects/KakaoOpenSDK/KakaoOpenSDK.xcodeproj">
            </BuildableReference>
         </BuildActionEntry>
         <BuildActionEntry
            buildForTesting = "YES"
            buildForRunning = "YES"
            buildForProfiling = "YES"
            buildForArchiving = "YES"
            buildForAnalyzing = "YES">
            <BuildableReference
               BuildableIdentifier = "primary"
               BlueprintIdentifier = "7C14AC27021FF442200B3853"
               BuildableName = "KakaoSDKAuth.framework"
               BlueprintName = "KakaoSDKAuth"
               ReferencedContainer = "container:Tuist/.build/tuist-derived/Projects/KakaoOpenSDK/KakaoOpenSDK.xcodeproj">
            </BuildableReference>
         </BuildActionEntry>
         <BuildActionEntry
            buildForTesting = "YES"
            buildForRunning = "YES"
            buildForProfiling = "YES"
            buildForArchiving = "YES"
            buildForAnalyzing = "YES">
            <BuildableReference
               BuildableIdentifier = "primary"
               BlueprintIdentifier = "7A4B81795AB7B3A41AFC92E4"
               BuildableName = "KakaoSDKCert.framework"
               BlueprintName = "KakaoSDKCert"
               ReferencedContainer = "container:Tuist/.build/tuist-derived/Projects/KakaoOpenSDK/KakaoOpenSDK.xcodeproj">
            </BuildableReference>
         </BuildActionEntry>
         <BuildActionEntry
            buildForTesting = "YES"
            buildForRunning = "YES"
            buildForProfiling = "YES"
            buildForArchiving = "YES"
            buildForAnalyzing = "YES">
            <BuildableReference
               BuildableIdentifier = "primary"
               BlueprintIdentifier = "98459E8BC6B6914855F2F2D5"
               BuildableName = "KakaoSDKCommon.framework"
               BlueprintName = "KakaoSDKCommon"
               ReferencedContainer = "container:Tuist/.build/tuist-derived/Projects/KakaoOpenSDK/KakaoOpenSDK.xcodeproj">
            </BuildableReference>
         </BuildActionEntry>
         <BuildActionEntry
            buildForTesting = "YES"
            buildForRunning = "YES"
            buildForProfiling = "YES"
            buildForArchiving = "YES"
            buildForAnalyzing = "YES">
            <BuildableReference
               BuildableIdentifier = "primary"
               BlueprintIdentifier = "58065A78153B638972A1D612"
               BuildableName = "KakaoSDKFriend.framework"
               BlueprintName = "KakaoSDKFriend"
               ReferencedContainer = "container:Tuist/.build/tuist-derived/Projects/KakaoOpenSDK/KakaoOpenSDK.xcodeproj">
            </BuildableReference>
         </BuildActionEntry>
         <BuildActionEntry
            buildForTesting = "YES"
            buildForRunning = "YES"
            buildForProfiling = "YES"
            buildForArchiving = "YES"
            buildForAnalyzing = "YES">
            <BuildableReference
               BuildableIdentifier = "primary"
               BlueprintIdentifier = "33262881DAEF794C076C75C1"
               BuildableName = "KakaoSDKNavi.framework"
               BlueprintName = "KakaoSDKNavi"
               ReferencedContainer = "container:Tuist/.build/tuist-derived/Projects/KakaoOpenSDK/KakaoOpenSDK.xcodeproj">
            </BuildableReference>
         </BuildActionEntry>
         <BuildActionEntry
            buildForTesting = "YES"
            buildForRunning = "YES"
            buildForProfiling = "YES"
            buildForArchiving = "YES"
            buildForAnalyzing = "YES">
            <BuildableReference
               BuildableIdentifier = "primary"
               BlueprintIdentifier = "D776DD6F4486A2D71BA8A04E"
               BuildableName = "KakaoSDKShare.framework"
               BlueprintName = "KakaoSDKShare"
               ReferencedContainer = "container:Tuist/.build/tuist-derived/Projects/KakaoOpenSDK/KakaoOpenSDK.xcodeproj">
            </BuildableReference>
         </BuildActionEntry>
         <BuildActionEntry
            buildForTesting = "YES"
            buildForRunning = "YES"
            buildForProfiling = "YES"
            buildForArchiving = "YES"
            buildForAnalyzing = "YES">
            <BuildableReference
               BuildableIdentifier = "primary"
               BlueprintIdentifier = "F0E80157B63AC92DEC668E6E"
               BuildableName = "KakaoSDKTalk.framework"
               BlueprintName = "KakaoSDKTalk"
               ReferencedContainer = "container:Tuist/.build/tuist-derived/Projects/KakaoOpenSDK/KakaoOpenSDK.xcodeproj">
            </BuildableReference>
         </BuildActionEntry>
         <BuildActionEntry
            buildForTesting = "YES"
            buildForRunning = "YES"
            buildForProfiling = "YES"
            buildForArchiving = "YES"
            buildForAnalyzing = "YES">
            <BuildableReference
               BuildableIdentifier = "primary"
               BlueprintIdentifier = "9992115F8933D8BC3172BA5A"
               BuildableName = "KakaoSDKTemplate.framework"
               BlueprintName = "KakaoSDKTemplate"
               ReferencedContainer = "container:Tuist/.build/tuist-derived/Projects/KakaoOpenSDK/KakaoOpenSDK.xcodeproj">
            </BuildableReference>
         </BuildActionEntry>
         <BuildActionEntry
            buildForTesting = "YES"
            buildForRunning = "YES"
            buildForProfiling = "YES"
            buildForArchiving = "YES"
            buildForAnalyzing = "YES">
            <BuildableReference
               BuildableIdentifier = "primary"
               BlueprintIdentifier = "29DF1CDF286567DB176A09D0"
               BuildableName = "KakaoSDKUser.framework"
               BlueprintName = "KakaoSDKUser"
               ReferencedContainer = "container:Tuist/.build/tuist-derived/Projects/KakaoOpenSDK/KakaoOpenSDK.xcodeproj">
            </BuildableReference>
         </BuildActionEntry>
         <BuildActionEntry
            buildForTesting = "YES"
            buildForRunning = "YES"
            buildForProfiling = "YES"
            buildForArchiving = "YES"
            buildForAnalyzing = "YES">
            <BuildableReference
               BuildableIdentifier = "primary"
               BlueprintIdentifier = "FC8983B65BEFA93EC9015ECE"
               BuildableName = "KeychainAccess.framework"
               BlueprintName = "KeychainAccess"
               ReferencedContainer = "container:Tuist/.build/tuist-derived/Projects/KeychainAccess/KeychainAccess.xcodeproj">
            </BuildableReference>
         </BuildActionEntry>
         <BuildActionEntry
            buildForTesting = "YES"
            buildForRunning = "YES"
            buildForProfiling = "YES"
            buildForArchiving = "YES"
            buildForAnalyzing = "YES">
            <BuildableReference
               BuildableIdentifier = "primary"
               BlueprintIdentifier = "B3B395FD6136F57D630138BD"
               BuildableName = "Kingfisher.framework"
               BlueprintName = "Kingfisher"
               ReferencedContainer = "container:Tuist/.build/tuist-derived/Projects/Kingfisher/Kingfisher.xcodeproj">
            </BuildableReference>
         </BuildActionEntry>
         <BuildActionEntry
            buildForTesting = "YES"
            buildForRunning = "YES"
            buildForProfiling = "YES"
            buildForArchiving = "YES"
            buildForAnalyzing = "YES">
            <BuildableReference
               BuildableIdentifier = "primary"
               BlueprintIdentifier = "F6E2F8C3B7D9EB13105F5694"
               BuildableName = "Kingfisher_Kingfisher.bundle"
               BlueprintName = "Kingfisher_Kingfisher"
               ReferencedContainer = "container:Tuist/.build/tuist-derived/Projects/Kingfisher/Kingfisher.xcodeproj">
            </BuildableReference>
         </BuildActionEntry>
         <BuildActionEntry
            buildForTesting = "YES"
            buildForRunning = "YES"
            buildForProfiling = "YES"
            buildForArchiving = "YES"
            buildForAnalyzing = "YES">
            <BuildableReference
               BuildableIdentifier = "primary"
               BlueprintIdentifier = "CD45AE2915751E23982CFE0F"
               BuildableName = "LocalizableStringManager.framework"
               BlueprintName = "LocalizableStringManager"
               ReferencedContainer = "container:Projects/DesignSystem/LocalizableStringManager/LocalizableStringManager.xcodeproj">
            </BuildableReference>
         </BuildActionEntry>
         <BuildActionEntry
            buildForTesting = "YES"
            buildForRunning = "YES"
            buildForProfiling = "YES"
            buildForArchiving = "YES"
            buildForAnalyzing = "YES">
            <BuildableReference
               BuildableIdentifier = "primary"
               BlueprintIdentifier = "FBA61C68E8C58F6DA84FE2BA"
               BuildableName = "LocalizableStringManager_LocalizableStringManager.bundle"
               BlueprintName = "LocalizableStringManager_LocalizableStringManager"
               ReferencedContainer = "container:Projects/DesignSystem/LocalizableStringManager/LocalizableStringManager.xcodeproj">
            </BuildableReference>
         </BuildActionEntry>
         <BuildActionEntry
            buildForTesting = "YES"
            buildForRunning = "YES"
            buildForProfiling = "YES"
            buildForArchiving = "YES"
            buildForAnalyzing = "YES">
            <BuildableReference
               BuildableIdentifier = "primary"
               BlueprintIdentifier = "11789D24A0490E463CDA3C81"
               BuildableName = "Lottie.framework"
               BlueprintName = "Lottie"
               ReferencedContainer = "container:Tuist/.build/tuist-derived/Projects/Lottie/Lottie.xcodeproj">
            </BuildableReference>
         </BuildActionEntry>
         <BuildActionEntry
            buildForTesting = "YES"
            buildForRunning = "YES"
            buildForProfiling = "YES"
            buildForArchiving = "YES"
            buildForAnalyzing = "YES">
            <BuildableReference
               BuildableIdentifier = "primary"
               BlueprintIdentifier = "2BF4F5BDA824781BEE220881"
               BuildableName = "Lottie_Lottie.bundle"
               BlueprintName = "Lottie_Lottie"
               ReferencedContainer = "container:Tuist/.build/tuist-derived/Projects/Lottie/Lottie.xcodeproj">
            </BuildableReference>
         </BuildActionEntry>
         <BuildActionEntry
            buildForTesting = "YES"
            buildForRunning = "YES"
            buildForProfiling = "YES"
            buildForArchiving = "YES"
            buildForAnalyzing = "YES">
            <BuildableReference
               BuildableIdentifier = "primary"
               BlueprintIdentifier = "82B33931410C5E34C202CFA7"
               BuildableName = "Promises_FBLPromises.bundle"
               BlueprintName = "Promises_FBLPromises"
               ReferencedContainer = "container:Tuist/.build/tuist-derived/Projects/Promises/Promises.xcodeproj">
            </BuildableReference>
         </BuildActionEntry>
         <BuildActionEntry
            buildForTesting = "YES"
            buildForRunning = "YES"
            buildForProfiling = "YES"
            buildForArchiving = "YES"
            buildForAnalyzing = "YES">
            <BuildableReference
               BuildableIdentifier = "primary"
               BlueprintIdentifier = "EDFF288A64EC88CC5A5EAA85"
               BuildableName = "RunCombi.app"
               BlueprintName = "RunCombi"
               ReferencedContainer = "container:Projects/App/App.xcodeproj">
            </BuildableReference>
         </BuildActionEntry>
         <BuildActionEntry
            buildForTesting = "YES"
            buildForRunning = "YES"
            buildForProfiling = "YES"
            buildForArchiving = "YES"
            buildForAnalyzing = "YES">
            <BuildableReference
               BuildableIdentifier = "primary"
               BlueprintIdentifier = "D25361B930A190ED8F23E480"
               BuildableName = "RunCombiWatch.app"
               BlueprintName = "RunCombiWatch"
               ReferencedContainer = "container:Projects/App/App.xcodeproj">
            </BuildableReference>
         </BuildActionEntry>
         <BuildActionEntry
            buildForTesting = "YES"
            buildForRunning = "YES"
            buildForProfiling = "YES"
            buildForArchiving = "YES"
            buildForAnalyzing = "YES">
            <BuildableReference
               BuildableIdentifier = "primary"
               BlueprintIdentifier = "756E0AA9E68F06BB0462DD25"
               BuildableName = "RunCombiWatchExtension.appex"
               BlueprintName = "RunCombiWatchExtension"
               ReferencedContainer = "container:Projects/App/App.xcodeproj">
            </BuildableReference>
         </BuildActionEntry>
         <BuildActionEntry
            buildForTesting = "YES"
            buildForRunning = "YES"
            buildForProfiling = "YES"
            buildForArchiving = "YES"
            buildForAnalyzing = "YES">
            <BuildableReference
               BuildableIdentifier = "primary"
               BlueprintIdentifier = "C72B8A9FA137E5DD2A3BC1E0"
               BuildableName = "SharedUtility.framework"
               BlueprintName = "SharedUtility"
               ReferencedContainer = "container:Projects/Shared/Utility/SharedUtility.xcodeproj">
            </BuildableReference>
         </BuildActionEntry>
         <BuildActionEntry
            buildForTesting = "YES"
            buildForRunning = "YES"
            buildForProfiling = "YES"
            buildForArchiving = "YES"
            buildForAnalyzing = "YES">
            <BuildableReference
               BuildableIdentifier = "primary"
               BlueprintIdentifier = "D5315D8B0B0AF70A8FA1F693"
               BuildableName = "UserInterface.framework"
               BlueprintName = "UserInterface"
               ReferencedContainer = "container:Projects/DesignSystem/UserInterface/UserInterface.xcodeproj">
            </BuildableReference>
         </BuildActionEntry>
         <BuildActionEntry
            buildForTesting = "YES"
            buildForRunning = "YES"
            buildForProfiling = "YES"
            buildForArchiving = "YES"
            buildForAnalyzing = "YES">
            <BuildableReference
               BuildableIdentifier = "primary"
               BlueprintIdentifier = "BFD0CA728BB004F44780ADE0"
               BuildableName = "UserInterface_UserInterface.bundle"
               BlueprintName = "UserInterface_UserInterface"
               ReferencedContainer = "container:Projects/DesignSystem/UserInterface/UserInterface.xcodeproj">
            </BuildableReference>
         </BuildActionEntry>
         <BuildActionEntry
            buildForTesting = "YES"
            buildForRunning = "YES"
            buildForProfiling = "YES"
            buildForArchiving = "YES"
            buildForAnalyzing = "YES">
            <BuildableReference
               BuildableIdentifier = "primary"
               BlueprintIdentifier = "6D1BFFAE456610AE81A4206D"
               BuildableName = "XCTestDynamicOverlay.framework"
               BlueprintName = "XCTestDynamicOverlay"
               ReferencedContainer = "container:Tuist/.build/tuist-derived/Projects/xctest-dynamic-overlay/xctest-dynamic-overlay.xcodeproj">
            </BuildableReference>
         </BuildActionEntry>
         <BuildActionEntry
            buildForTesting = "YES"
            buildForRunning = "YES"
            buildForProfiling = "YES"
            buildForArchiving = "YES"
            buildForAnalyzing = "YES">
            <BuildableReference
               BuildableIdentifier = "primary"
               BlueprintIdentifier = "00CCAE173147AFA99AA51F0E"
               BuildableName = "nanopb.framework"
               BlueprintName = "nanopb"
               ReferencedContainer = "container:Tuist/.build/tuist-derived/Projects/nanopb/nanopb.xcodeproj">
            </BuildableReference>
         </BuildActionEntry>
         <BuildActionEntry
            buildForTesting = "YES"
            buildForRunning = "YES"
            buildForProfiling = "YES"
            buildForArchiving = "YES"
            buildForAnalyzing = "YES">
            <BuildableReference
               BuildableIdentifier = "primary"
               BlueprintIdentifier = "1A2AC3156F7D931A875B1432"
               BuildableName = "nanopb_nanopb.bundle"
               BlueprintName = "nanopb_nanopb"
               ReferencedContainer = "container:Tuist/.build/tuist-derived/Projects/nanopb/nanopb.xcodeproj">
            </BuildableReference>
         </BuildActionEntry>
         <BuildActionEntry
            buildForTesting = "YES"
            buildForRunning = "YES"
            buildForProfiling = "YES"
            buildForArchiving = "YES"
            buildForAnalyzing = "YES">
            <BuildableReference
               BuildableIdentifier = "primary"
               BlueprintIdentifier = "51D7B8F6AC67856BE18DC303"
               BuildableName = "third_party_IsAppEncrypted.framework"
               BlueprintName = "third-party-IsAppEncrypted"
               ReferencedContainer = "container:Tuist/.build/tuist-derived/Projects/GoogleUtilities/GoogleUtilities.xcodeproj">
            </BuildableReference>
         </BuildActionEntry>
      </BuildActionEntries>
   </BuildAction>
   <TestAction
      buildConfiguration = "Debug"
      selectedDebuggerIdentifier = "Xcode.DebuggerFoundation.Debugger.LLDB"
      selectedLauncherIdentifier = "Xcode.DebuggerFoundation.Launcher.LLDB"
      shouldUseLaunchSchemeArgsEnv = "YES">
      <Testables>
      </Testables>
   </TestAction>
   <LaunchAction
      buildConfiguration = "Debug"
      selectedDebuggerIdentifier = "Xcode.DebuggerFoundation.Debugger.LLDB"
      selectedLauncherIdentifier = "Xcode.DebuggerFoundation.Launcher.LLDB"
      launchStyle = "0"
      useCustomWorkingDirectory = "NO"
      ignoresPersistentStateOnLaunch = "NO"
      debugDocumentVersioning = "YES"
      debugServiceExtension = "internal"
      allowLocationSimulation = "YES">
      <MacroExpansion>
         <BuildableReference
            BuildableIdentifier = "primary"
            BlueprintIdentifier = "2A717419231F3C0B8A3E0F06"
            BuildableName = "Alamofire.framework"
            BlueprintName = "Alamofire"
            ReferencedContainer = "container:Tuist/.build/tuist-derived/Projects/Alamofire/Alamofire.xcodeproj">
         </BuildableReference>
      </MacroExpansion>
   </LaunchAction>
   <ProfileAction
      buildConfiguration = "Release"
      shouldUseLaunchSchemeArgsEnv = "YES"
      savedToolIdentifier = ""
      useCustomWorkingDirectory = "NO"
      debugDocumentVersioning = "YES">
      <MacroExpansion>
         <BuildableReference
            BuildableIdentifier = "primary"
            BlueprintIdentifier = "2A717419231F3C0B8A3E0F06"
            BuildableName = "Alamofire.framework"
            BlueprintName = "Alamofire"
            ReferencedContainer = "container:Tuist/.build/tuist-derived/Projects/Alamofire/Alamofire.xcodeproj">
         </BuildableReference>
      </MacroExpansion>
   </ProfileAction>
   <AnalyzeAction
      buildConfiguration = "Debug">
   </AnalyzeAction>
   <ArchiveAction
      buildConfiguration = "Release"
      revealArchiveInOrganizer = "YES">
   </ArchiveAction>
</Scheme>
